
Microsoft Visual Studio Solution File, Format Version 12.00
# Visual Studio Version 17
VisualStudioVersion = 17.11.35312.102
MinimumVisualStudioVersion = 10.0.40219.1
Project("{FAE04EC0-301F-11D3-BF4B-00C04F79EFBC}") = "ICTS ASSETS", "ICTS ASSETS\ICTS ASSETS.csproj", "{DCD44BE6-5425-4F1C-8288-D5D1888DE998}"
EndProject
Global
	GlobalSection(SolutionConfigurationPlatforms) = preSolution
		Debug|Any CPU = Debug|Any CPU
		Release|Any CPU = Release|Any CPU
	EndGlobalSection
	GlobalSection(ProjectConfigurationPlatforms) = postSolution
		{DCD44BE6-5425-4F1C-8288-D5D1888DE998}.Debug|Any CPU.ActiveCfg = Debug|Any CPU
		{DCD44BE6-5425-4F1C-8288-D5D1888DE998}.Debug|Any CPU.Build.0 = Debug|Any CPU
		{DCD44BE6-5425-4F1C-8288-D5D1888DE998}.Release|Any CPU.ActiveCfg = Release|Any CPU
		{DCD44BE6-5425-4F1C-8288-D5D1888DE998}.Release|Any CPU.Build.0 = Release|Any CPU
	EndGlobalSection
	GlobalSection(SolutionProperties) = preSolution
		HideSolutionNode = FALSE
	EndGlobalSection
	GlobalSection(ExtensibilityGlobals) = postSolution
		SolutionGuid = {2A5A6BD5-8E29-4D74-9527-C2E82252D7E7}
	EndGlobalSection
EndGlobal
